// !$*UTF8*$!
{
	archiveVersion = 1;
	classes = {
	};
	objectVersion = 50;
	objects = {

/* Begin PBXBuildFile section */
		47157834224BF24E0049D869 /* MovieTableViewCell.swift in Sources */ = {isa = PBXBuildFile; fileRef = 47157832224BF24E0049D869 /* MovieTableViewCell.swift */; };
		47157835224BF24E0049D869 /* MovieTableViewCell.xib in Resources */ = {isa = PBXBuildFile; fileRef = 47157833224BF24E0049D869 /* MovieTableViewCell.xib */; };
		471F5532224A935C00CE4C37 /* AppDelegate.swift in Sources */ = {isa = PBXBuildFile; fileRef = 471F5531224A935C00CE4C37 /* AppDelegate.swift */; };
		471F5537224A935C00CE4C37 /* Intro.storyboard in Resources */ = {isa = PBXBuildFile; fileRef = 471F5535224A935C00CE4C37 /* Intro.storyboard */; };
		471F5539224A935E00CE4C37 /* Assets.xcassets in Resources */ = {isa = PBXBuildFile; fileRef = 471F5538224A935E00CE4C37 /* Assets.xcassets */; };
		471F553C224A935E00CE4C37 /* LaunchScreen.storyboard in Resources */ = {isa = PBXBuildFile; fileRef = 471F553A224A935E00CE4C37 /* LaunchScreen.storyboard */; };
		471F5547224A935F00CE4C37 /* MoviesTests.swift in Sources */ = {isa = PBXBuildFile; fileRef = 471F5546224A935F00CE4C37 /* MoviesTests.swift */; };
		471F5552224A935F00CE4C37 /* MoviesUITests.swift in Sources */ = {isa = PBXBuildFile; fileRef = 471F5551224A935F00CE4C37 /* MoviesUITests.swift */; };
		471F5564224A93BF00CE4C37 /* IntroViewController.swift in Sources */ = {isa = PBXBuildFile; fileRef = 471F5563224A93BF00CE4C37 /* IntroViewController.swift */; };
		471F5569224A9C4400CE4C37 /* AssetButton.swift in Sources */ = {isa = PBXBuildFile; fileRef = 471F5568224A9C4400CE4C37 /* AssetButton.swift */; };
		471F556D224AA18F00CE4C37 /* PageIntroViewController.swift in Sources */ = {isa = PBXBuildFile; fileRef = 471F556C224AA18F00CE4C37 /* PageIntroViewController.swift */; };
		471F556F224AA31000CE4C37 /* Home.storyboard in Resources */ = {isa = PBXBuildFile; fileRef = 471F556E224AA31000CE4C37 /* Home.storyboard */; };
		471F5571224AA56C00CE4C37 /* Discover.storyboard in Resources */ = {isa = PBXBuildFile; fileRef = 471F5570224AA56C00CE4C37 /* Discover.storyboard */; };
		471F5586224AE37200CE4C37 /* DiscoverViewController.swift in Sources */ = {isa = PBXBuildFile; fileRef = 471F5585224AE37200CE4C37 /* DiscoverViewController.swift */; };
		471F5588224AE38400CE4C37 /* DiscoverViewModel.swift in Sources */ = {isa = PBXBuildFile; fileRef = 471F5587224AE38400CE4C37 /* DiscoverViewModel.swift */; };
		471F558A224AE48500CE4C37 /* MovieModel.swift in Sources */ = {isa = PBXBuildFile; fileRef = 471F5589224AE48500CE4C37 /* MovieModel.swift */; };
		471F558C224AE5CD00CE4C37 /* MoviesResponse.swift in Sources */ = {isa = PBXBuildFile; fileRef = 471F558B224AE5CD00CE4C37 /* MoviesResponse.swift */; };
		47465AC422862A38002C538A /* Bindable.swift in Sources */ = {isa = PBXBuildFile; fileRef = 47465AC322862A38002C538A /* Bindable.swift */; };
		47465AC62287881F002C538A /* UITableView.swift in Sources */ = {isa = PBXBuildFile; fileRef = 47465AC52287881F002C538A /* UITableView.swift */; };
		47465AC822878847002C538A /* ReusableView.swift in Sources */ = {isa = PBXBuildFile; fileRef = 47465AC722878847002C538A /* ReusableView.swift */; };
		47465ACA228788BA002C538A /* NibLoadableView.swift in Sources */ = {isa = PBXBuildFile; fileRef = 47465AC9228788BA002C538A /* NibLoadableView.swift */; };
		47465ACC22878AC7002C538A /* UICollectionView.swift in Sources */ = {isa = PBXBuildFile; fileRef = 47465ACB22878AC7002C538A /* UICollectionView.swift */; };
		47465ACF2289BD38002C538A /* Future.swift in Sources */ = {isa = PBXBuildFile; fileRef = 47465ACE2289BD38002C538A /* Future.swift */; };
		47465AD12289C5A8002C538A /* Promise.swift in Sources */ = {isa = PBXBuildFile; fileRef = 47465AD02289C5A8002C538A /* Promise.swift */; };
		47465AD32289CD29002C538A /* URLSession.swift in Sources */ = {isa = PBXBuildFile; fileRef = 47465AD22289CD29002C538A /* URLSession.swift */; };
		47465AD62289E4DF002C538A /* MoviesRepository.swift in Sources */ = {isa = PBXBuildFile; fileRef = 47465AD52289E4DF002C538A /* MoviesRepository.swift */; };
		47465AD92289E6A3002C538A /* Endpoint.swift in Sources */ = {isa = PBXBuildFile; fileRef = 47465AD82289E6A3002C538A /* Endpoint.swift */; };
		47465ADB228A166B002C538A /* HomeEndpoints.swift in Sources */ = {isa = PBXBuildFile; fileRef = 47465ADA228A166B002C538A /* HomeEndpoints.swift */; };
		477DD6FA224BF91E0006ADAA /* MovieCellViewModel.swift in Sources */ = {isa = PBXBuildFile; fileRef = 477DD6F9224BF91E0006ADAA /* MovieCellViewModel.swift */; };
		477DD6FF224BF9F90006ADAA /* MovieCollectionViewCell.swift in Sources */ = {isa = PBXBuildFile; fileRef = 477DD6FD224BF9F90006ADAA /* MovieCollectionViewCell.swift */; };
		477DD700224BF9F90006ADAA /* MovieCollectionViewCell.xib in Resources */ = {isa = PBXBuildFile; fileRef = 477DD6FE224BF9F90006ADAA /* MovieCollectionViewCell.xib */; };
		477DD702224C011A0006ADAA /* MovieSectionViewModel.swift in Sources */ = {isa = PBXBuildFile; fileRef = 477DD701224C011A0006ADAA /* MovieSectionViewModel.swift */; };
		4798D30F225B982A008B7FDB /* SkeletonView.swift in Sources */ = {isa = PBXBuildFile; fileRef = 4798D30E225B982A008B7FDB /* SkeletonView.swift */; };
		4798D312225BBBA3008B7FDB /* SkeletonAnimation.swift in Sources */ = {isa = PBXBuildFile; fileRef = 4798D311225BBBA3008B7FDB /* SkeletonAnimation.swift */; };
		4798D314225BBBD1008B7FDB /* SkeletonAnimationHolder.swift in Sources */ = {isa = PBXBuildFile; fileRef = 4798D313225BBBD1008B7FDB /* SkeletonAnimationHolder.swift */; };
		4798D317225BC2BE008B7FDB /* UIView.swift in Sources */ = {isa = PBXBuildFile; fileRef = 4798D316225BC2BE008B7FDB /* UIView.swift */; };
/* End PBXBuildFile section */

/* Begin PBXContainerItemProxy section */
		471F5543224A935E00CE4C37 /* PBXContainerItemProxy */ = {
			isa = PBXContainerItemProxy;
			containerPortal = 471F5526224A935C00CE4C37 /* Project object */;
			proxyType = 1;
			remoteGlobalIDString = 471F552D224A935C00CE4C37;
			remoteInfo = Movies;
		};
		471F554E224A935F00CE4C37 /* PBXContainerItemProxy */ = {
			isa = PBXContainerItemProxy;
			containerPortal = 471F5526224A935C00CE4C37 /* Project object */;
			proxyType = 1;
			remoteGlobalIDString = 471F552D224A935C00CE4C37;
			remoteInfo = Movies;
		};
/* End PBXContainerItemProxy section */

/* Begin PBXFileReference section */
		47157832224BF24E0049D869 /* MovieTableViewCell.swift */ = {isa = PBXFileReference; lastKnownFileType = sourcecode.swift; path = MovieTableViewCell.swift; sourceTree = "<group>"; };
		47157833224BF24E0049D869 /* MovieTableViewCell.xib */ = {isa = PBXFileReference; lastKnownFileType = file.xib; path = MovieTableViewCell.xib; sourceTree = "<group>"; };
		471F552E224A935C00CE4C37 /* Movies.app */ = {isa = PBXFileReference; explicitFileType = wrapper.application; includeInIndex = 0; path = Movies.app; sourceTree = BUILT_PRODUCTS_DIR; };
		471F5531224A935C00CE4C37 /* AppDelegate.swift */ = {isa = PBXFileReference; lastKnownFileType = sourcecode.swift; path = AppDelegate.swift; sourceTree = "<group>"; };
		471F5536224A935C00CE4C37 /* Base */ = {isa = PBXFileReference; lastKnownFileType = file.storyboard; name = Base; path = Base.lproj/Intro.storyboard; sourceTree = "<group>"; };
		471F5538224A935E00CE4C37 /* Assets.xcassets */ = {isa = PBXFileReference; lastKnownFileType = folder.assetcatalog; path = Assets.xcassets; sourceTree = "<group>"; };
		471F553B224A935E00CE4C37 /* Base */ = {isa = PBXFileReference; lastKnownFileType = file.storyboard; name = Base; path = Base.lproj/LaunchScreen.storyboard; sourceTree = "<group>"; };
		471F553D224A935E00CE4C37 /* Info.plist */ = {isa = PBXFileReference; lastKnownFileType = text.plist.xml; path = Info.plist; sourceTree = "<group>"; };
		471F5542224A935E00CE4C37 /* MoviesTests.xctest */ = {isa = PBXFileReference; explicitFileType = wrapper.cfbundle; includeInIndex = 0; path = MoviesTests.xctest; sourceTree = BUILT_PRODUCTS_DIR; };
		471F5546224A935F00CE4C37 /* MoviesTests.swift */ = {isa = PBXFileReference; lastKnownFileType = sourcecode.swift; path = MoviesTests.swift; sourceTree = "<group>"; };
		471F5548224A935F00CE4C37 /* Info.plist */ = {isa = PBXFileReference; lastKnownFileType = text.plist.xml; path = Info.plist; sourceTree = "<group>"; };
		471F554D224A935F00CE4C37 /* MoviesUITests.xctest */ = {isa = PBXFileReference; explicitFileType = wrapper.cfbundle; includeInIndex = 0; path = MoviesUITests.xctest; sourceTree = BUILT_PRODUCTS_DIR; };
		471F5551224A935F00CE4C37 /* MoviesUITests.swift */ = {isa = PBXFileReference; lastKnownFileType = sourcecode.swift; path = MoviesUITests.swift; sourceTree = "<group>"; };
		471F5553224A935F00CE4C37 /* Info.plist */ = {isa = PBXFileReference; lastKnownFileType = text.plist.xml; path = Info.plist; sourceTree = "<group>"; };
		471F5563224A93BF00CE4C37 /* IntroViewController.swift */ = {isa = PBXFileReference; lastKnownFileType = sourcecode.swift; path = IntroViewController.swift; sourceTree = "<group>"; };
		471F5568224A9C4400CE4C37 /* AssetButton.swift */ = {isa = PBXFileReference; lastKnownFileType = sourcecode.swift; path = AssetButton.swift; sourceTree = "<group>"; };
		471F556C224AA18F00CE4C37 /* PageIntroViewController.swift */ = {isa = PBXFileReference; lastKnownFileType = sourcecode.swift; path = PageIntroViewController.swift; sourceTree = "<group>"; };
		471F556E224AA31000CE4C37 /* Home.storyboard */ = {isa = PBXFileReference; lastKnownFileType = file.storyboard; path = Home.storyboard; sourceTree = "<group>"; };
		471F5570224AA56C00CE4C37 /* Discover.storyboard */ = {isa = PBXFileReference; lastKnownFileType = file.storyboard; path = Discover.storyboard; sourceTree = "<group>"; };
		471F5585224AE37200CE4C37 /* DiscoverViewController.swift */ = {isa = PBXFileReference; lastKnownFileType = sourcecode.swift; path = DiscoverViewController.swift; sourceTree = "<group>"; };
		471F5587224AE38400CE4C37 /* DiscoverViewModel.swift */ = {isa = PBXFileReference; lastKnownFileType = sourcecode.swift; path = DiscoverViewModel.swift; sourceTree = "<group>"; };
		471F5589224AE48500CE4C37 /* MovieModel.swift */ = {isa = PBXFileReference; lastKnownFileType = sourcecode.swift; path = MovieModel.swift; sourceTree = "<group>"; };
		471F558B224AE5CD00CE4C37 /* MoviesResponse.swift */ = {isa = PBXFileReference; lastKnownFileType = sourcecode.swift; path = MoviesResponse.swift; sourceTree = "<group>"; };
		47465AC322862A38002C538A /* Bindable.swift */ = {isa = PBXFileReference; fileEncoding = 4; lastKnownFileType = sourcecode.swift; path = Bindable.swift; sourceTree = "<group>"; };
		47465AC52287881F002C538A /* UITableView.swift */ = {isa = PBXFileReference; lastKnownFileType = sourcecode.swift; path = UITableView.swift; sourceTree = "<group>"; };
		47465AC722878847002C538A /* ReusableView.swift */ = {isa = PBXFileReference; lastKnownFileType = sourcecode.swift; path = ReusableView.swift; sourceTree = "<group>"; };
		47465AC9228788BA002C538A /* NibLoadableView.swift */ = {isa = PBXFileReference; lastKnownFileType = sourcecode.swift; path = NibLoadableView.swift; sourceTree = "<group>"; };
		47465ACB22878AC7002C538A /* UICollectionView.swift */ = {isa = PBXFileReference; lastKnownFileType = sourcecode.swift; path = UICollectionView.swift; sourceTree = "<group>"; };
		47465ACE2289BD38002C538A /* Future.swift */ = {isa = PBXFileReference; lastKnownFileType = sourcecode.swift; path = Future.swift; sourceTree = "<group>"; };
		47465AD02289C5A8002C538A /* Promise.swift */ = {isa = PBXFileReference; lastKnownFileType = sourcecode.swift; path = Promise.swift; sourceTree = "<group>"; };
		47465AD22289CD29002C538A /* URLSession.swift */ = {isa = PBXFileReference; lastKnownFileType = sourcecode.swift; path = URLSession.swift; sourceTree = "<group>"; };
		47465AD52289E4DF002C538A /* MoviesRepository.swift */ = {isa = PBXFileReference; lastKnownFileType = sourcecode.swift; path = MoviesRepository.swift; sourceTree = "<group>"; };
		47465AD82289E6A3002C538A /* Endpoint.swift */ = {isa = PBXFileReference; lastKnownFileType = sourcecode.swift; path = Endpoint.swift; sourceTree = "<group>"; };
		47465ADA228A166B002C538A /* HomeEndpoints.swift */ = {isa = PBXFileReference; lastKnownFileType = sourcecode.swift; path = HomeEndpoints.swift; sourceTree = "<group>"; };
		477DD6F9224BF91E0006ADAA /* MovieCellViewModel.swift */ = {isa = PBXFileReference; lastKnownFileType = sourcecode.swift; path = MovieCellViewModel.swift; sourceTree = "<group>"; };
		477DD6FD224BF9F90006ADAA /* MovieCollectionViewCell.swift */ = {isa = PBXFileReference; lastKnownFileType = sourcecode.swift; path = MovieCollectionViewCell.swift; sourceTree = "<group>"; };
		477DD6FE224BF9F90006ADAA /* MovieCollectionViewCell.xib */ = {isa = PBXFileReference; lastKnownFileType = file.xib; path = MovieCollectionViewCell.xib; sourceTree = "<group>"; };
		477DD701224C011A0006ADAA /* MovieSectionViewModel.swift */ = {isa = PBXFileReference; lastKnownFileType = sourcecode.swift; path = MovieSectionViewModel.swift; sourceTree = "<group>"; };
		4798D30E225B982A008B7FDB /* SkeletonView.swift */ = {isa = PBXFileReference; lastKnownFileType = sourcecode.swift; path = SkeletonView.swift; sourceTree = "<group>"; };
		4798D311225BBBA3008B7FDB /* SkeletonAnimation.swift */ = {isa = PBXFileReference; lastKnownFileType = sourcecode.swift; path = SkeletonAnimation.swift; sourceTree = "<group>"; };
		4798D313225BBBD1008B7FDB /* SkeletonAnimationHolder.swift */ = {isa = PBXFileReference; lastKnownFileType = sourcecode.swift; path = SkeletonAnimationHolder.swift; sourceTree = "<group>"; };
		4798D316225BC2BE008B7FDB /* UIView.swift */ = {isa = PBXFileReference; lastKnownFileType = sourcecode.swift; path = UIView.swift; sourceTree = "<group>"; };
/* End PBXFileReference section */

/* Begin PBXFrameworksBuildPhase section */
		471F552B224A935C00CE4C37 /* Frameworks */ = {
			isa = PBXFrameworksBuildPhase;
			buildActionMask = 2147483647;
			files = (
			);
			runOnlyForDeploymentPostprocessing = 0;
		};
		471F553F224A935E00CE4C37 /* Frameworks */ = {
			isa = PBXFrameworksBuildPhase;
			buildActionMask = 2147483647;
			files = (
			);
			runOnlyForDeploymentPostprocessing = 0;
		};
		471F554A224A935F00CE4C37 /* Frameworks */ = {
			isa = PBXFrameworksBuildPhase;
			buildActionMask = 2147483647;
			files = (
			);
			runOnlyForDeploymentPostprocessing = 0;
		};
/* End PBXFrameworksBuildPhase section */

/* Begin PBXGroup section */
		47157831224BF2180049D869 /* Cells */ = {
			isa = PBXGroup;
			children = (
				47157832224BF24E0049D869 /* MovieTableViewCell.swift */,
				47157833224BF24E0049D869 /* MovieTableViewCell.xib */,
				477DD6FD224BF9F90006ADAA /* MovieCollectionViewCell.swift */,
				477DD6FE224BF9F90006ADAA /* MovieCollectionViewCell.xib */,
			);
			path = Cells;
			sourceTree = "<group>";
		};
		471F5525224A935C00CE4C37 = {
			isa = PBXGroup;
			children = (
				471F5530224A935C00CE4C37 /* Movies */,
				471F5545224A935F00CE4C37 /* MoviesTests */,
				471F5550224A935F00CE4C37 /* MoviesUITests */,
				471F552F224A935C00CE4C37 /* Products */,
			);
			sourceTree = "<group>";
		};
		471F552F224A935C00CE4C37 /* Products */ = {
			isa = PBXGroup;
			children = (
				471F552E224A935C00CE4C37 /* Movies.app */,
				471F5542224A935E00CE4C37 /* MoviesTests.xctest */,
				471F554D224A935F00CE4C37 /* MoviesUITests.xctest */,
			);
			name = Products;
			sourceTree = "<group>";
		};
		471F5530224A935C00CE4C37 /* Movies */ = {
			isa = PBXGroup;
			children = (
				47465AC222862A38002C538A /* Bindable */,
				4798D315225BC2AC008B7FDB /* Extensions */,
				4798D310225BBB8F008B7FDB /* Protocols */,
				47157831224BF2180049D869 /* Cells */,
				471F5572224AD33E00CE4C37 /* Networking */,
				471F5567224A9C2D00CE4C37 /* CustomComponents */,
				471F5562224A939200CE4C37 /* Storyboards */,
				471F5561224A938500CE4C37 /* Models */,
				471F5560224A937D00CE4C37 /* ViewModels */,
				471F555F224A937500CE4C37 /* ViewControllers */,
				471F5531224A935C00CE4C37 /* AppDelegate.swift */,
				471F5538224A935E00CE4C37 /* Assets.xcassets */,
				471F553D224A935E00CE4C37 /* Info.plist */,
			);
			path = Movies;
			sourceTree = "<group>";
		};
		471F5545224A935F00CE4C37 /* MoviesTests */ = {
			isa = PBXGroup;
			children = (
				471F5546224A935F00CE4C37 /* MoviesTests.swift */,
				471F5548224A935F00CE4C37 /* Info.plist */,
			);
			path = MoviesTests;
			sourceTree = "<group>";
		};
		471F5550224A935F00CE4C37 /* MoviesUITests */ = {
			isa = PBXGroup;
			children = (
				471F5551224A935F00CE4C37 /* MoviesUITests.swift */,
				471F5553224A935F00CE4C37 /* Info.plist */,
			);
			path = MoviesUITests;
			sourceTree = "<group>";
		};
		471F555F224A937500CE4C37 /* ViewControllers */ = {
			isa = PBXGroup;
			children = (
				471F5563224A93BF00CE4C37 /* IntroViewController.swift */,
				471F556C224AA18F00CE4C37 /* PageIntroViewController.swift */,
				471F5585224AE37200CE4C37 /* DiscoverViewController.swift */,
			);
			path = ViewControllers;
			sourceTree = "<group>";
		};
		471F5560224A937D00CE4C37 /* ViewModels */ = {
			isa = PBXGroup;
			children = (
				471F5587224AE38400CE4C37 /* DiscoverViewModel.swift */,
				477DD6F9224BF91E0006ADAA /* MovieCellViewModel.swift */,
				477DD701224C011A0006ADAA /* MovieSectionViewModel.swift */,
			);
			path = ViewModels;
			sourceTree = "<group>";
		};
		471F5561224A938500CE4C37 /* Models */ = {
			isa = PBXGroup;
			children = (
				471F5589224AE48500CE4C37 /* MovieModel.swift */,
				471F558B224AE5CD00CE4C37 /* MoviesResponse.swift */,
				4798D313225BBBD1008B7FDB /* SkeletonAnimationHolder.swift */,
			);
			path = Models;
			sourceTree = "<group>";
		};
		471F5562224A939200CE4C37 /* Storyboards */ = {
			isa = PBXGroup;
			children = (
				471F553A224A935E00CE4C37 /* LaunchScreen.storyboard */,
				471F5535224A935C00CE4C37 /* Intro.storyboard */,
				471F556E224AA31000CE4C37 /* Home.storyboard */,
				471F5570224AA56C00CE4C37 /* Discover.storyboard */,
			);
			path = Storyboards;
			sourceTree = "<group>";
		};
		471F5567224A9C2D00CE4C37 /* CustomComponents */ = {
			isa = PBXGroup;
			children = (
				471F5568224A9C4400CE4C37 /* AssetButton.swift */,
				4798D30E225B982A008B7FDB /* SkeletonView.swift */,
			);
			path = CustomComponents;
			sourceTree = "<group>";
		};
		471F5572224AD33E00CE4C37 /* Networking */ = {
			isa = PBXGroup;
			children = (
				47465AD72289E699002C538A /* Endpoints */,
				47465AD42289E4C5002C538A /* Repositories */,
				47465ACD2289BD2B002C538A /* Promises */,
			);
			path = Networking;
			sourceTree = "<group>";
		};
		47465AC222862A38002C538A /* Bindable */ = {
			isa = PBXGroup;
			children = (
				47465AC322862A38002C538A /* Bindable.swift */,
			);
			path = Bindable;
			sourceTree = "<group>";
		};
		47465ACD2289BD2B002C538A /* Promises */ = {
			isa = PBXGroup;
			children = (
				47465ACE2289BD38002C538A /* Future.swift */,
				47465AD02289C5A8002C538A /* Promise.swift */,
			);
			path = Promises;
			sourceTree = "<group>";
		};
		47465AD42289E4C5002C538A /* Repositories */ = {
			isa = PBXGroup;
			children = (
				47465AD52289E4DF002C538A /* MoviesRepository.swift */,
			);
			path = Repositories;
			sourceTree = "<group>";
		};
		47465AD72289E699002C538A /* Endpoints */ = {
			isa = PBXGroup;
			children = (
				47465AD82289E6A3002C538A /* Endpoint.swift */,
				47465ADA228A166B002C538A /* HomeEndpoints.swift */,
			);
			path = Endpoints;
			sourceTree = "<group>";
		};
		4798D310225BBB8F008B7FDB /* Protocols */ = {
			isa = PBXGroup;
			children = (
				4798D311225BBBA3008B7FDB /* SkeletonAnimation.swift */,
				47465AC722878847002C538A /* ReusableView.swift */,
				47465AC9228788BA002C538A /* NibLoadableView.swift */,
			);
			path = Protocols;
			sourceTree = "<group>";
		};
		4798D315225BC2AC008B7FDB /* Extensions */ = {
			isa = PBXGroup;
			children = (
				4798D316225BC2BE008B7FDB /* UIView.swift */,
				47465AC52287881F002C538A /* UITableView.swift */,
				47465ACB22878AC7002C538A /* UICollectionView.swift */,
				47465AD22289CD29002C538A /* URLSession.swift */,
			);
			path = Extensions;
			sourceTree = "<group>";
		};
/* End PBXGroup section */

/* Begin PBXNativeTarget section */
		471F552D224A935C00CE4C37 /* Movies */ = {
			isa = PBXNativeTarget;
			buildConfigurationList = 471F5556224A935F00CE4C37 /* Build configuration list for PBXNativeTarget "Movies" */;
			buildPhases = (
				471F552A224A935C00CE4C37 /* Sources */,
				471F552B224A935C00CE4C37 /* Frameworks */,
				471F552C224A935C00CE4C37 /* Resources */,
			);
			buildRules = (
			);
			dependencies = (
			);
			name = Movies;
			productName = Movies;
			productReference = 471F552E224A935C00CE4C37 /* Movies.app */;
			productType = "com.apple.product-type.application";
		};
		471F5541224A935E00CE4C37 /* MoviesTests */ = {
			isa = PBXNativeTarget;
			buildConfigurationList = 471F5559224A935F00CE4C37 /* Build configuration list for PBXNativeTarget "MoviesTests" */;
			buildPhases = (
				471F553E224A935E00CE4C37 /* Sources */,
				471F553F224A935E00CE4C37 /* Frameworks */,
				471F5540224A935E00CE4C37 /* Resources */,
			);
			buildRules = (
			);
			dependencies = (
				471F5544224A935E00CE4C37 /* PBXTargetDependency */,
			);
			name = MoviesTests;
			productName = MoviesTests;
			productReference = 471F5542224A935E00CE4C37 /* MoviesTests.xctest */;
			productType = "com.apple.product-type.bundle.unit-test";
		};
		471F554C224A935F00CE4C37 /* MoviesUITests */ = {
			isa = PBXNativeTarget;
			buildConfigurationList = 471F555C224A935F00CE4C37 /* Build configuration list for PBXNativeTarget "MoviesUITests" */;
			buildPhases = (
				471F5549224A935F00CE4C37 /* Sources */,
				471F554A224A935F00CE4C37 /* Frameworks */,
				471F554B224A935F00CE4C37 /* Resources */,
			);
			buildRules = (
			);
			dependencies = (
				471F554F224A935F00CE4C37 /* PBXTargetDependency */,
			);
			name = MoviesUITests;
			productName = MoviesUITests;
			productReference = 471F554D224A935F00CE4C37 /* MoviesUITests.xctest */;
			productType = "com.apple.product-type.bundle.ui-testing";
		};
/* End PBXNativeTarget section */

/* Begin PBXProject section */
		471F5526224A935C00CE4C37 /* Project object */ = {
			isa = PBXProject;
			attributes = {
				LastSwiftUpdateCheck = 1010;
				LastUpgradeCheck = 1010;
				ORGANIZATIONNAME = "Adrian Ortiz";
				TargetAttributes = {
					471F552D224A935C00CE4C37 = {
						CreatedOnToolsVersion = 10.1;
						LastSwiftMigration = 1020;
					};
					471F5541224A935E00CE4C37 = {
						CreatedOnToolsVersion = 10.1;
						LastSwiftMigration = 1020;
						TestTargetID = 471F552D224A935C00CE4C37;
					};
					471F554C224A935F00CE4C37 = {
						CreatedOnToolsVersion = 10.1;
						LastSwiftMigration = 1020;
						TestTargetID = 471F552D224A935C00CE4C37;
					};
				};
			};
			buildConfigurationList = 471F5529224A935C00CE4C37 /* Build configuration list for PBXProject "Movies" */;
			compatibilityVersion = "Xcode 9.3";
			developmentRegion = en;
			hasScannedForEncodings = 0;
			knownRegions = (
				en,
				Base,
			);
			mainGroup = 471F5525224A935C00CE4C37;
			productRefGroup = 471F552F224A935C00CE4C37 /* Products */;
			projectDirPath = "";
			projectRoot = "";
			targets = (
				471F552D224A935C00CE4C37 /* Movies */,
				471F5541224A935E00CE4C37 /* MoviesTests */,
				471F554C224A935F00CE4C37 /* MoviesUITests */,
			);
		};
/* End PBXProject section */

/* Begin PBXResourcesBuildPhase section */
		471F552C224A935C00CE4C37 /* Resources */ = {
			isa = PBXResourcesBuildPhase;
			buildActionMask = 2147483647;
			files = (
				471F553C224A935E00CE4C37 /* LaunchScreen.storyboard in Resources */,
				471F5539224A935E00CE4C37 /* Assets.xcassets in Resources */,
				47157835224BF24E0049D869 /* MovieTableViewCell.xib in Resources */,
				471F5571224AA56C00CE4C37 /* Discover.storyboard in Resources */,
				471F5537224A935C00CE4C37 /* Intro.storyboard in Resources */,
				471F556F224AA31000CE4C37 /* Home.storyboard in Resources */,
				477DD700224BF9F90006ADAA /* MovieCollectionViewCell.xib in Resources */,
			);
			runOnlyForDeploymentPostprocessing = 0;
		};
		471F5540224A935E00CE4C37 /* Resources */ = {
			isa = PBXResourcesBuildPhase;
			buildActionMask = 2147483647;
			files = (
			);
			runOnlyForDeploymentPostprocessing = 0;
		};
		471F554B224A935F00CE4C37 /* Resources */ = {
			isa = PBXResourcesBuildPhase;
			buildActionMask = 2147483647;
			files = (
			);
			runOnlyForDeploymentPostprocessing = 0;
		};
/* End PBXResourcesBuildPhase section */

/* Begin PBXSourcesBuildPhase section */
		471F552A224A935C00CE4C37 /* Sources */ = {
			isa = PBXSourcesBuildPhase;
			buildActionMask = 2147483647;
			files = (
				471F558A224AE48500CE4C37 /* MovieModel.swift in Sources */,
				4798D30F225B982A008B7FDB /* SkeletonView.swift in Sources */,
				47465AD12289C5A8002C538A /* Promise.swift in Sources */,
				47465ACC22878AC7002C538A /* UICollectionView.swift in Sources */,
				47465AD62289E4DF002C538A /* MoviesRepository.swift in Sources */,
				47465AC422862A38002C538A /* Bindable.swift in Sources */,
				471F558C224AE5CD00CE4C37 /* MoviesResponse.swift in Sources */,
				47465AC822878847002C538A /* ReusableView.swift in Sources */,
				47465AD32289CD29002C538A /* URLSession.swift in Sources */,
				471F556D224AA18F00CE4C37 /* PageIntroViewController.swift in Sources */,
				4798D317225BC2BE008B7FDB /* UIView.swift in Sources */,
				47157834224BF24E0049D869 /* MovieTableViewCell.swift in Sources */,
				47465AD92289E6A3002C538A /* Endpoint.swift in Sources */,
				47465ACA228788BA002C538A /* NibLoadableView.swift in Sources */,
				477DD702224C011A0006ADAA /* MovieSectionViewModel.swift in Sources */,
				47465AC62287881F002C538A /* UITableView.swift in Sources */,
				477DD6FA224BF91E0006ADAA /* MovieCellViewModel.swift in Sources */,
				471F5532224A935C00CE4C37 /* AppDelegate.swift in Sources */,
				4798D314225BBBD1008B7FDB /* SkeletonAnimationHolder.swift in Sources */,
				471F5586224AE37200CE4C37 /* DiscoverViewController.swift in Sources */,
				47465ACF2289BD38002C538A /* Future.swift in Sources */,
				47465ADB228A166B002C538A /* HomeEndpoints.swift in Sources */,
				471F5564224A93BF00CE4C37 /* IntroViewController.swift in Sources */,
				477DD6FF224BF9F90006ADAA /* MovieCollectionViewCell.swift in Sources */,
				471F5569224A9C4400CE4C37 /* AssetButton.swift in Sources */,
				471F5588224AE38400CE4C37 /* DiscoverViewModel.swift in Sources */,
				4798D312225BBBA3008B7FDB /* SkeletonAnimation.swift in Sources */,
			);
			runOnlyForDeploymentPostprocessing = 0;
		};
		471F553E224A935E00CE4C37 /* Sources */ = {
			isa = PBXSourcesBuildPhase;
			buildActionMask = 2147483647;
			files = (
				471F5547224A935F00CE4C37 /* MoviesTests.swift in Sources */,
			);
			runOnlyForDeploymentPostprocessing = 0;
		};
		471F5549224A935F00CE4C37 /* Sources */ = {
			isa = PBXSourcesBuildPhase;
			buildActionMask = 2147483647;
			files = (
				471F5552224A935F00CE4C37 /* MoviesUITests.swift in Sources */,
			);
			runOnlyForDeploymentPostprocessing = 0;
		};
/* End PBXSourcesBuildPhase section */

/* Begin PBXTargetDependency section */
		471F5544224A935E00CE4C37 /* PBXTargetDependency */ = {
			isa = PBXTargetDependency;
			target = 471F552D224A935C00CE4C37 /* Movies */;
			targetProxy = 471F5543224A935E00CE4C37 /* PBXContainerItemProxy */;
		};
		471F554F224A935F00CE4C37 /* PBXTargetDependency */ = {
			isa = PBXTargetDependency;
			target = 471F552D224A935C00CE4C37 /* Movies */;
			targetProxy = 471F554E224A935F00CE4C37 /* PBXContainerItemProxy */;
		};
/* End PBXTargetDependency section */

/* Begin PBXVariantGroup section */
		471F5535224A935C00CE4C37 /* Intro.storyboard */ = {
			isa = PBXVariantGroup;
			children = (
				471F5536224A935C00CE4C37 /* Base */,
			);
			name = Intro.storyboard;
			sourceTree = "<group>";
		};
		471F553A224A935E00CE4C37 /* LaunchScreen.storyboard */ = {
			isa = PBXVariantGroup;
			children = (
				471F553B224A935E00CE4C37 /* Base */,
			);
			name = LaunchScreen.storyboard;
			sourceTree = "<group>";
		};
/* End PBXVariantGroup section */

/* Begin XCBuildConfiguration section */
		471F5554224A935F00CE4C37 /* Debug */ = {
			isa = XCBuildConfiguration;
			buildSettings = {
				ALWAYS_SEARCH_USER_PATHS = NO;
				CLANG_ANALYZER_NONNULL = YES;
				CLANG_ANALYZER_NUMBER_OBJECT_CONVERSION = YES_AGGRESSIVE;
				CLANG_CXX_LANGUAGE_STANDARD = "gnu++14";
				CLANG_CXX_LIBRARY = "libc++";
				CLANG_ENABLE_MODULES = YES;
				CLANG_ENABLE_OBJC_ARC = YES;
				CLANG_ENABLE_OBJC_WEAK = YES;
				CLANG_WARN_BLOCK_CAPTURE_AUTORELEASING = YES;
				CLANG_WARN_BOOL_CONVERSION = YES;
				CLANG_WARN_COMMA = YES;
				CLANG_WARN_CONSTANT_CONVERSION = YES;
				CLANG_WARN_DEPRECATED_OBJC_IMPLEMENTATIONS = YES;
				CLANG_WARN_DIRECT_OBJC_ISA_USAGE = YES_ERROR;
				CLANG_WARN_DOCUMENTATION_COMMENTS = YES;
				CLANG_WARN_EMPTY_BODY = YES;
				CLANG_WARN_ENUM_CONVERSION = YES;
				CLANG_WARN_INFINITE_RECURSION = YES;
				CLANG_WARN_INT_CONVERSION = YES;
				CLANG_WARN_NON_LITERAL_NULL_CONVERSION = YES;
				CLANG_WARN_OBJC_IMPLICIT_RETAIN_SELF = YES;
				CLANG_WARN_OBJC_LITERAL_CONVERSION = YES;
				CLANG_WARN_OBJC_ROOT_CLASS = YES_ERROR;
				CLANG_WARN_RANGE_LOOP_ANALYSIS = YES;
				CLANG_WARN_STRICT_PROTOTYPES = YES;
				CLANG_WARN_SUSPICIOUS_MOVE = YES;
				CLANG_WARN_UNGUARDED_AVAILABILITY = YES_AGGRESSIVE;
				CLANG_WARN_UNREACHABLE_CODE = YES;
				CLANG_WARN__DUPLICATE_METHOD_MATCH = YES;
				CODE_SIGN_IDENTITY = "iPhone Developer";
				COPY_PHASE_STRIP = NO;
				DEBUG_INFORMATION_FORMAT = dwarf;
				ENABLE_STRICT_OBJC_MSGSEND = YES;
				ENABLE_TESTABILITY = YES;
				GCC_C_LANGUAGE_STANDARD = gnu11;
				GCC_DYNAMIC_NO_PIC = NO;
				GCC_NO_COMMON_BLOCKS = YES;
				GCC_OPTIMIZATION_LEVEL = 0;
				GCC_PREPROCESSOR_DEFINITIONS = (
					"DEBUG=1",
					"$(inherited)",
				);
				GCC_WARN_64_TO_32_BIT_CONVERSION = YES;
				GCC_WARN_ABOUT_RETURN_TYPE = YES_ERROR;
				GCC_WARN_UNDECLARED_SELECTOR = YES;
				GCC_WARN_UNINITIALIZED_AUTOS = YES_AGGRESSIVE;
				GCC_WARN_UNUSED_FUNCTION = YES;
				GCC_WARN_UNUSED_VARIABLE = YES;
				IPHONEOS_DEPLOYMENT_TARGET = 12.1;
				MTL_ENABLE_DEBUG_INFO = INCLUDE_SOURCE;
				MTL_FAST_MATH = YES;
				ONLY_ACTIVE_ARCH = YES;
				SDKROOT = iphoneos;
				SWIFT_ACTIVE_COMPILATION_CONDITIONS = DEBUG;
				SWIFT_OPTIMIZATION_LEVEL = "-Onone";
			};
			name = Debug;
		};
		471F5555224A935F00CE4C37 /* Release */ = {
			isa = XCBuildConfiguration;
			buildSettings = {
				ALWAYS_SEARCH_USER_PATHS = NO;
				CLANG_ANALYZER_NONNULL = YES;
				CLANG_ANALYZER_NUMBER_OBJECT_CONVERSION = YES_AGGRESSIVE;
				CLANG_CXX_LANGUAGE_STANDARD = "gnu++14";
				CLANG_CXX_LIBRARY = "libc++";
				CLANG_ENABLE_MODULES = YES;
				CLANG_ENABLE_OBJC_ARC = YES;
				CLANG_ENABLE_OBJC_WEAK = YES;
				CLANG_WARN_BLOCK_CAPTURE_AUTORELEASING = YES;
				CLANG_WARN_BOOL_CONVERSION = YES;
				CLANG_WARN_COMMA = YES;
				CLANG_WARN_CONSTANT_CONVERSION = YES;
				CLANG_WARN_DEPRECATED_OBJC_IMPLEMENTATIONS = YES;
				CLANG_WARN_DIRECT_OBJC_ISA_USAGE = YES_ERROR;
				CLANG_WARN_DOCUMENTATION_COMMENTS = YES;
				CLANG_WARN_EMPTY_BODY = YES;
				CLANG_WARN_ENUM_CONVERSION = YES;
				CLANG_WARN_INFINITE_RECURSION = YES;
				CLANG_WARN_INT_CONVERSION = YES;
				CLANG_WARN_NON_LITERAL_NULL_CONVERSION = YES;
				CLANG_WARN_OBJC_IMPLICIT_RETAIN_SELF = YES;
				CLANG_WARN_OBJC_LITERAL_CONVERSION = YES;
				CLANG_WARN_OBJC_ROOT_CLASS = YES_ERROR;
				CLANG_WARN_RANGE_LOOP_ANALYSIS = YES;
				CLANG_WARN_STRICT_PROTOTYPES = YES;
				CLANG_WARN_SUSPICIOUS_MOVE = YES;
				CLANG_WARN_UNGUARDED_AVAILABILITY = YES_AGGRESSIVE;
				CLANG_WARN_UNREACHABLE_CODE = YES;
				CLANG_WARN__DUPLICATE_METHOD_MATCH = YES;
				CODE_SIGN_IDENTITY = "iPhone Developer";
				COPY_PHASE_STRIP = NO;
				DEBUG_INFORMATION_FORMAT = "dwarf-with-dsym";
				ENABLE_NS_ASSERTIONS = NO;
				ENABLE_STRICT_OBJC_MSGSEND = YES;
				GCC_C_LANGUAGE_STANDARD = gnu11;
				GCC_NO_COMMON_BLOCKS = YES;
				GCC_WARN_64_TO_32_BIT_CONVERSION = YES;
				GCC_WARN_ABOUT_RETURN_TYPE = YES_ERROR;
				GCC_WARN_UNDECLARED_SELECTOR = YES;
				GCC_WARN_UNINITIALIZED_AUTOS = YES_AGGRESSIVE;
				GCC_WARN_UNUSED_FUNCTION = YES;
				GCC_WARN_UNUSED_VARIABLE = YES;
				IPHONEOS_DEPLOYMENT_TARGET = 12.1;
				MTL_ENABLE_DEBUG_INFO = NO;
				MTL_FAST_MATH = YES;
				SDKROOT = iphoneos;
				SWIFT_COMPILATION_MODE = wholemodule;
				SWIFT_OPTIMIZATION_LEVEL = "-O";
				VALIDATE_PRODUCT = YES;
			};
			name = Release;
		};
		471F5557224A935F00CE4C37 /* Debug */ = {
			isa = XCBuildConfiguration;
			buildSettings = {
				ASSETCATALOG_COMPILER_APPICON_NAME = AppIcon;
				CODE_SIGN_STYLE = Automatic;
				DEVELOPMENT_TEAM = Q56ZFDTK42;
				INFOPLIST_FILE = Movies/Info.plist;
				IPHONEOS_DEPLOYMENT_TARGET = 11.0;
				LD_RUNPATH_SEARCH_PATHS = (
					"$(inherited)",
					"@executable_path/Frameworks",
				);
				PRODUCT_BUNDLE_IDENTIFIER = com.amplemind.Movies;
				PRODUCT_NAME = "$(TARGET_NAME)";
				SWIFT_VERSION = 5.0;
				TARGETED_DEVICE_FAMILY = "1,2";
			};
			name = Debug;
		};
		471F5558224A935F00CE4C37 /* Release */ = {
			isa = XCBuildConfiguration;
			buildSettings = {
				ASSETCATALOG_COMPILER_APPICON_NAME = AppIcon;
				CODE_SIGN_STYLE = Automatic;
				DEVELOPMENT_TEAM = Q56ZFDTK42;
				INFOPLIST_FILE = Movies/Info.plist;
				IPHONEOS_DEPLOYMENT_TARGET = 11.0;
				LD_RUNPATH_SEARCH_PATHS = (
					"$(inherited)",
					"@executable_path/Frameworks",
				);
				PRODUCT_BUNDLE_IDENTIFIER = com.amplemind.Movies;
				PRODUCT_NAME = "$(TARGET_NAME)";
				SWIFT_VERSION = 5.0;
				TARGETED_DEVICE_FAMILY = "1,2";
			};
			name = Release;
		};
		471F555A224A935F00CE4C37 /* Debug */ = {
			isa = XCBuildConfiguration;
			buildSettings = {
				ALWAYS_EMBED_SWIFT_STANDARD_LIBRARIES = YES;
				BUNDLE_LOADER = "$(TEST_HOST)";
				CODE_SIGN_STYLE = Automatic;
				DEVELOPMENT_TEAM = Q56ZFDTK42;
				INFOPLIST_FILE = MoviesTests/Info.plist;
				LD_RUNPATH_SEARCH_PATHS = (
					"$(inherited)",
					"@executable_path/Frameworks",
					"@loader_path/Frameworks",
				);
				PRODUCT_BUNDLE_IDENTIFIER = com.amplemind.MoviesTests;
				PRODUCT_NAME = "$(TARGET_NAME)";
				SWIFT_VERSION = 5.0;
				TARGETED_DEVICE_FAMILY = "1,2";
				TEST_HOST = "$(BUILT_PRODUCTS_DIR)/Movies.app/Movies";
			};
			name = Debug;
		};
		471F555B224A935F00CE4C37 /* Release */ = {
			isa = XCBuildConfiguration;
			buildSettings = {
				ALWAYS_EMBED_SWIFT_STANDARD_LIBRARIES = YES;
				BUNDLE_LOADER = "$(TEST_HOST)";
				CODE_SIGN_STYLE = Automatic;
				DEVELOPMENT_TEAM = Q56ZFDTK42;
				INFOPLIST_FILE = MoviesTests/Info.plist;
				LD_RUNPATH_SEARCH_PATHS = (
					"$(inherited)",
					"@executable_path/Frameworks",
					"@loader_path/Frameworks",
				);
				PRODUCT_BUNDLE_IDENTIFIER = com.amplemind.MoviesTests;
				PRODUCT_NAME = "$(TARGET_NAME)";
				SWIFT_VERSION = 5.0;
				TARGETED_DEVICE_FAMILY = "1,2";
				TEST_HOST = "$(BUILT_PRODUCTS_DIR)/Movies.app/Movies";
			};
			name = Release;
		};
		471F555D224A935F00CE4C37 /* Debug */ = {
			isa = XCBuildConfiguration;
			buildSettings = {
				ALWAYS_EMBED_SWIFT_STANDARD_LIBRARIES = YES;
				CODE_SIGN_STYLE = Automatic;
				DEVELOPMENT_TEAM = Q56ZFDTK42;
				INFOPLIST_FILE = MoviesUITests/Info.plist;
				LD_RUNPATH_SEARCH_PATHS = (
					"$(inherited)",
					"@executable_path/Frameworks",
					"@loader_path/Frameworks",
				);
				PRODUCT_BUNDLE_IDENTIFIER = com.amplemind.MoviesUITests;
				PRODUCT_NAME = "$(TARGET_NAME)";
				SWIFT_VERSION = 5.0;
				TARGETED_DEVICE_FAMILY = "1,2";
				TEST_TARGET_NAME = Movies;
			};
			name = Debug;
		};
		471F555E224A935F00CE4C37 /* Release */ = {
			isa = XCBuildConfiguration;
			buildSettings = {
				ALWAYS_EMBED_SWIFT_STANDARD_LIBRARIES = YES;
				CODE_SIGN_STYLE = Automatic;
				DEVELOPMENT_TEAM = Q56ZFDTK42;
				INFOPLIST_FILE = MoviesUITests/Info.plist;
				LD_RUNPATH_SEARCH_PATHS = (
					"$(inherited)",
					"@executable_path/Frameworks",
					"@loader_path/Frameworks",
				);
				PRODUCT_BUNDLE_IDENTIFIER = com.amplemind.MoviesUITests;
				PRODUCT_NAME = "$(TARGET_NAME)";
				SWIFT_VERSION = 5.0;
				TARGETED_DEVICE_FAMILY = "1,2";
				TEST_TARGET_NAME = Movies;
			};
			name = Release;
		};
/* End XCBuildConfiguration section */

/* Begin XCConfigurationList section */
		471F5529224A935C00CE4C37 /* Build configuration list for PBXProject "Movies" */ = {
			isa = XCConfigurationList;
			buildConfigurations = (
				471F5554224A935F00CE4C37 /* Debug */,
				471F5555224A935F00CE4C37 /* Release */,
			);
			defaultConfigurationIsVisible = 0;
			defaultConfigurationName = Release;
		};
		471F5556224A935F00CE4C37 /* Build configuration list for PBXNativeTarget "Movies" */ = {
			isa = XCConfigurationList;
			buildConfigurations = (
				471F5557224A935F00CE4C37 /* Debug */,
				471F5558224A935F00CE4C37 /* Release */,
			);
			defaultConfigurationIsVisible = 0;
			defaultConfigurationName = Release;
		};
		471F5559224A935F00CE4C37 /* Build configuration list for PBXNativeTarget "MoviesTests" */ = {
			isa = XCConfigurationList;
			buildConfigurations = (
				471F555A224A935F00CE4C37 /* Debug */,
				471F555B224A935F00CE4C37 /* Release */,
			);
			defaultConfigurationIsVisible = 0;
			defaultConfigurationName = Release;
		};
		471F555C224A935F00CE4C37 /* Build configuration list for PBXNativeTarget "MoviesUITests" */ = {
			isa = XCConfigurationList;
			buildConfigurations = (
				471F555D224A935F00CE4C37 /* Debug */,
				471F555E224A935F00CE4C37 /* Release */,
			);
			defaultConfigurationIsVisible = 0;
			defaultConfigurationName = Release;
		};
/* End XCConfigurationList section */
	};
	rootObject = 471F5526224A935C00CE4C37 /* Project object */;
}
